
Microsoft Visual Studio Solution File, Format Version 12.00
# Visual Studio 15
VisualStudioVersion = 15.0.28010.2003
MinimumVisualStudioVersion = 10.0.40219.1
Project("{FAE04EC0-301F-11D3-BF4B-00C04F79EFBC}") = "ScribeSharp.Tests", "ScribeSharp.Tests\ScribeSharp.Tests.csproj", "{CB8A4153-DA0A-4A42-8CA6-7583FF95EC41}"
EndProject
Project("{FAE04EC0-301F-11D3-BF4B-00C04F79EFBC}") = "ScribeSharp.TestApplication", "ScribeSharp.TestApplication\ScribeSharp.TestApplication.csproj", "{792CECD4-3A32-4DDD-B800-ADE74B1B8FD9}"
EndProject
Project("{FAE04EC0-301F-11D3-BF4B-00C04F79EFBC}") = "ScribeSharp.Bait", "ScribeSharp.Bait\ScribeSharp.Bait.csproj", "{5C3F0A3B-8E73-4281-8FFA-B2BDFF00CF8F}"
EndProject
Project("{D954291E-2A0B-460D-934E-DC6B0785DB48}") = "ScribeSharp.Shared", "ScribeSharp.Shared.Contracts\ScribeSharp.Shared.shproj", "{6C583A51-A8EF-459B-A8C7-D2C95F152F48}"
EndProject
Project("{FAE04EC0-301F-11D3-BF4B-00C04F79EFBC}") = "ScribeSharp.Net40", "ScribeSharp.Net40\ScribeSharp.Net40.csproj", "{4B162FD7-6CDA-40C3-BD38-6D7FD225F669}"
EndProject
Project("{FAE04EC0-301F-11D3-BF4B-00C04F79EFBC}") = "ScribeSharp.Uwp", "ScribeSharp.Uwp\ScribeSharp.Uwp.csproj", "{ECC5D269-B051-41A7-902A-8134F27A66C8}"
EndProject
Project("{FAE04EC0-301F-11D3-BF4B-00C04F79EFBC}") = "ScribeSharp.Net45", "ScribeSharp.Net45\ScribeSharp.Net45.csproj", "{4577C9E3-CB74-4D5D-82C1-F2715BB76002}"
EndProject
Global
	GlobalSection(SharedMSBuildProjectFiles) = preSolution
		ScribeSharp.Shared.Contracts\ScribeSharp.Shared.Contracts.projitems*{4577c9e3-cb74-4d5d-82c1-f2715bb76002}*SharedItemsImports = 4
		ScribeSharp.Shared.Contracts\ScribeSharp.Shared.Contracts.projitems*{4b162fd7-6cda-40c3-bd38-6d7fd225f669}*SharedItemsImports = 4
		ScribeSharp.Shared.Contracts\ScribeSharp.Shared.Contracts.projitems*{5c3f0a3b-8e73-4281-8ffa-b2bdff00cf8f}*SharedItemsImports = 4
		ScribeSharp.Shared.Contracts\ScribeSharp.Shared.Contracts.projitems*{6c583a51-a8ef-459b-a8c7-d2c95f152f48}*SharedItemsImports = 13
		ScribeSharp.Shared.Contracts\ScribeSharp.Shared.Contracts.projitems*{ecc5d269-b051-41a7-902a-8134f27a66c8}*SharedItemsImports = 4
	EndGlobalSection
	GlobalSection(SolutionConfigurationPlatforms) = preSolution
		Debug|Any CPU = Debug|Any CPU
		Debug|ARM = Debug|ARM
		Debug|x64 = Debug|x64
		Debug|x86 = Debug|x86
		DebugWithFullTests|Any CPU = DebugWithFullTests|Any CPU
		DebugWithFullTests|ARM = DebugWithFullTests|ARM
		DebugWithFullTests|x64 = DebugWithFullTests|x64
		DebugWithFullTests|x86 = DebugWithFullTests|x86
		Release|Any CPU = Release|Any CPU
		Release|ARM = Release|ARM
		Release|x64 = Release|x64
		Release|x86 = Release|x86
	EndGlobalSection
	GlobalSection(ProjectConfigurationPlatforms) = postSolution
		{CB8A4153-DA0A-4A42-8CA6-7583FF95EC41}.Debug|Any CPU.ActiveCfg = Debug|Any CPU
		{CB8A4153-DA0A-4A42-8CA6-7583FF95EC41}.Debug|Any CPU.Build.0 = Debug|Any CPU
		{CB8A4153-DA0A-4A42-8CA6-7583FF95EC41}.Debug|ARM.ActiveCfg = Debug|Any CPU
		{CB8A4153-DA0A-4A42-8CA6-7583FF95EC41}.Debug|ARM.Build.0 = Debug|Any CPU
		{CB8A4153-DA0A-4A42-8CA6-7583FF95EC41}.Debug|x64.ActiveCfg = Debug|Any CPU
		{CB8A4153-DA0A-4A42-8CA6-7583FF95EC41}.Debug|x64.Build.0 = Debug|Any CPU
		{CB8A4153-DA0A-4A42-8CA6-7583FF95EC41}.Debug|x86.ActiveCfg = Debug|Any CPU
		{CB8A4153-DA0A-4A42-8CA6-7583FF95EC41}.Debug|x86.Build.0 = Debug|Any CPU
		{CB8A4153-DA0A-4A42-8CA6-7583FF95EC41}.DebugWithFullTests|Any CPU.ActiveCfg = FullTests|Any CPU
		{CB8A4153-DA0A-4A42-8CA6-7583FF95EC41}.DebugWithFullTests|Any CPU.Build.0 = FullTests|Any CPU
		{CB8A4153-DA0A-4A42-8CA6-7583FF95EC41}.DebugWithFullTests|ARM.ActiveCfg = FullTests|Any CPU
		{CB8A4153-DA0A-4A42-8CA6-7583FF95EC41}.DebugWithFullTests|ARM.Build.0 = FullTests|Any CPU
		{CB8A4153-DA0A-4A42-8CA6-7583FF95EC41}.DebugWithFullTests|x64.ActiveCfg = FullTests|Any CPU
		{CB8A4153-DA0A-4A42-8CA6-7583FF95EC41}.DebugWithFullTests|x64.Build.0 = FullTests|Any CPU
		{CB8A4153-DA0A-4A42-8CA6-7583FF95EC41}.DebugWithFullTests|x86.ActiveCfg = FullTests|Any CPU
		{CB8A4153-DA0A-4A42-8CA6-7583FF95EC41}.DebugWithFullTests|x86.Build.0 = FullTests|Any CPU
		{CB8A4153-DA0A-4A42-8CA6-7583FF95EC41}.Release|Any CPU.ActiveCfg = Release|Any CPU
		{CB8A4153-DA0A-4A42-8CA6-7583FF95EC41}.Release|Any CPU.Build.0 = Release|Any CPU
		{CB8A4153-DA0A-4A42-8CA6-7583FF95EC41}.Release|ARM.ActiveCfg = Release|Any CPU
		{CB8A4153-DA0A-4A42-8CA6-7583FF95EC41}.Release|ARM.Build.0 = Release|Any CPU
		{CB8A4153-DA0A-4A42-8CA6-7583FF95EC41}.Release|x64.ActiveCfg = Release|Any CPU
		{CB8A4153-DA0A-4A42-8CA6-7583FF95EC41}.Release|x64.Build.0 = Release|Any CPU
		{CB8A4153-DA0A-4A42-8CA6-7583FF95EC41}.Release|x86.ActiveCfg = Release|Any CPU
		{CB8A4153-DA0A-4A42-8CA6-7583FF95EC41}.Release|x86.Build.0 = Release|Any CPU
		{792CECD4-3A32-4DDD-B800-ADE74B1B8FD9}.Debug|Any CPU.ActiveCfg = Debug|Any CPU
		{792CECD4-3A32-4DDD-B800-ADE74B1B8FD9}.Debug|Any CPU.Build.0 = Debug|Any CPU
		{792CECD4-3A32-4DDD-B800-ADE74B1B8FD9}.Debug|ARM.ActiveCfg = Debug|Any CPU
		{792CECD4-3A32-4DDD-B800-ADE74B1B8FD9}.Debug|ARM.Build.0 = Debug|Any CPU
		{792CECD4-3A32-4DDD-B800-ADE74B1B8FD9}.Debug|x64.ActiveCfg = Debug|Any CPU
		{792CECD4-3A32-4DDD-B800-ADE74B1B8FD9}.Debug|x64.Build.0 = Debug|Any CPU
		{792CECD4-3A32-4DDD-B800-ADE74B1B8FD9}.Debug|x86.ActiveCfg = Debug|Any CPU
		{792CECD4-3A32-4DDD-B800-ADE74B1B8FD9}.Debug|x86.Build.0 = Debug|Any CPU
		{792CECD4-3A32-4DDD-B800-ADE74B1B8FD9}.DebugWithFullTests|Any CPU.ActiveCfg = DebugWithFullTests|Any CPU
		{792CECD4-3A32-4DDD-B800-ADE74B1B8FD9}.DebugWithFullTests|Any CPU.Build.0 = DebugWithFullTests|Any CPU
		{792CECD4-3A32-4DDD-B800-ADE74B1B8FD9}.DebugWithFullTests|ARM.ActiveCfg = DebugWithFullTests|Any CPU
		{792CECD4-3A32-4DDD-B800-ADE74B1B8FD9}.DebugWithFullTests|ARM.Build.0 = DebugWithFullTests|Any CPU
		{792CECD4-3A32-4DDD-B800-ADE74B1B8FD9}.DebugWithFullTests|x64.ActiveCfg = DebugWithFullTests|Any CPU
		{792CECD4-3A32-4DDD-B800-ADE74B1B8FD9}.DebugWithFullTests|x64.Build.0 = DebugWithFullTests|Any CPU
		{792CECD4-3A32-4DDD-B800-ADE74B1B8FD9}.DebugWithFullTests|x86.ActiveCfg = DebugWithFullTests|Any CPU
		{792CECD4-3A32-4DDD-B800-ADE74B1B8FD9}.DebugWithFullTests|x86.Build.0 = DebugWithFullTests|Any CPU
		{792CECD4-3A32-4DDD-B800-ADE74B1B8FD9}.Release|Any CPU.ActiveCfg = Release|Any CPU
		{792CECD4-3A32-4DDD-B800-ADE74B1B8FD9}.Release|Any CPU.Build.0 = Release|Any CPU
		{792CECD4-3A32-4DDD-B800-ADE74B1B8FD9}.Release|ARM.ActiveCfg = Release|Any CPU
		{792CECD4-3A32-4DDD-B800-ADE74B1B8FD9}.Release|ARM.Build.0 = Release|Any CPU
		{792CECD4-3A32-4DDD-B800-ADE74B1B8FD9}.Release|x64.ActiveCfg = Release|Any CPU
		{792CECD4-3A32-4DDD-B800-ADE74B1B8FD9}.Release|x64.Build.0 = Release|Any CPU
		{792CECD4-3A32-4DDD-B800-ADE74B1B8FD9}.Release|x86.ActiveCfg = Release|Any CPU
		{792CECD4-3A32-4DDD-B800-ADE74B1B8FD9}.Release|x86.Build.0 = Release|Any CPU
		{5C3F0A3B-8E73-4281-8FFA-B2BDFF00CF8F}.Debug|Any CPU.ActiveCfg = Debug|Any CPU
		{5C3F0A3B-8E73-4281-8FFA-B2BDFF00CF8F}.Debug|Any CPU.Build.0 = Debug|Any CPU
		{5C3F0A3B-8E73-4281-8FFA-B2BDFF00CF8F}.Debug|ARM.ActiveCfg = Debug|Any CPU
		{5C3F0A3B-8E73-4281-8FFA-B2BDFF00CF8F}.Debug|ARM.Build.0 = Debug|Any CPU
		{5C3F0A3B-8E73-4281-8FFA-B2BDFF00CF8F}.Debug|x64.ActiveCfg = Debug|Any CPU
		{5C3F0A3B-8E73-4281-8FFA-B2BDFF00CF8F}.Debug|x64.Build.0 = Debug|Any CPU
		{5C3F0A3B-8E73-4281-8FFA-B2BDFF00CF8F}.Debug|x86.ActiveCfg = Debug|Any CPU
		{5C3F0A3B-8E73-4281-8FFA-B2BDFF00CF8F}.Debug|x86.Build.0 = Debug|Any CPU
		{5C3F0A3B-8E73-4281-8FFA-B2BDFF00CF8F}.DebugWithFullTests|Any CPU.ActiveCfg = Debug|Any CPU
		{5C3F0A3B-8E73-4281-8FFA-B2BDFF00CF8F}.DebugWithFullTests|ARM.ActiveCfg = Debug|Any CPU
		{5C3F0A3B-8E73-4281-8FFA-B2BDFF00CF8F}.DebugWithFullTests|x64.ActiveCfg = Debug|Any CPU
		{5C3F0A3B-8E73-4281-8FFA-B2BDFF00CF8F}.DebugWithFullTests|x86.ActiveCfg = Debug|Any CPU
		{5C3F0A3B-8E73-4281-8FFA-B2BDFF00CF8F}.Release|Any CPU.ActiveCfg = Release|Any CPU
		{5C3F0A3B-8E73-4281-8FFA-B2BDFF00CF8F}.Release|Any CPU.Build.0 = Release|Any CPU
		{5C3F0A3B-8E73-4281-8FFA-B2BDFF00CF8F}.Release|ARM.ActiveCfg = Release|Any CPU
		{5C3F0A3B-8E73-4281-8FFA-B2BDFF00CF8F}.Release|ARM.Build.0 = Release|Any CPU
		{5C3F0A3B-8E73-4281-8FFA-B2BDFF00CF8F}.Release|x64.ActiveCfg = Release|Any CPU
		{5C3F0A3B-8E73-4281-8FFA-B2BDFF00CF8F}.Release|x64.Build.0 = Release|Any CPU
		{5C3F0A3B-8E73-4281-8FFA-B2BDFF00CF8F}.Release|x86.ActiveCfg = Release|Any CPU
		{5C3F0A3B-8E73-4281-8FFA-B2BDFF00CF8F}.Release|x86.Build.0 = Release|Any CPU
		{4B162FD7-6CDA-40C3-BD38-6D7FD225F669}.Debug|Any CPU.ActiveCfg = Debug|Any CPU
		{4B162FD7-6CDA-40C3-BD38-6D7FD225F669}.Debug|Any CPU.Build.0 = Debug|Any CPU
		{4B162FD7-6CDA-40C3-BD38-6D7FD225F669}.Debug|ARM.ActiveCfg = Debug|Any CPU
		{4B162FD7-6CDA-40C3-BD38-6D7FD225F669}.Debug|ARM.Build.0 = Debug|Any CPU
		{4B162FD7-6CDA-40C3-BD38-6D7FD225F669}.Debug|x64.ActiveCfg = Debug|Any CPU
		{4B162FD7-6CDA-40C3-BD38-6D7FD225F669}.Debug|x64.Build.0 = Debug|Any CPU
		{4B162FD7-6CDA-40C3-BD38-6D7FD225F669}.Debug|x86.ActiveCfg = Debug|Any CPU
		{4B162FD7-6CDA-40C3-BD38-6D7FD225F669}.Debug|x86.Build.0 = Debug|Any CPU
		{4B162FD7-6CDA-40C3-BD38-6D7FD225F669}.DebugWithFullTests|Any CPU.ActiveCfg = DebugWithFullTests|Any CPU
		{4B162FD7-6CDA-40C3-BD38-6D7FD225F669}.DebugWithFullTests|Any CPU.Build.0 = DebugWithFullTests|Any CPU
		{4B162FD7-6CDA-40C3-BD38-6D7FD225F669}.DebugWithFullTests|ARM.ActiveCfg = DebugWithFullTests|Any CPU
		{4B162FD7-6CDA-40C3-BD38-6D7FD225F669}.DebugWithFullTests|ARM.Build.0 = DebugWithFullTests|Any CPU
		{4B162FD7-6CDA-40C3-BD38-6D7FD225F669}.DebugWithFullTests|x64.ActiveCfg = DebugWithFullTests|Any CPU
		{4B162FD7-6CDA-40C3-BD38-6D7FD225F669}.DebugWithFullTests|x64.Build.0 = DebugWithFullTests|Any CPU
		{4B162FD7-6CDA-40C3-BD38-6D7FD225F669}.DebugWithFullTests|x86.ActiveCfg = DebugWithFullTests|Any CPU
		{4B162FD7-6CDA-40C3-BD38-6D7FD225F669}.DebugWithFullTests|x86.Build.0 = DebugWithFullTests|Any CPU
		{4B162FD7-6CDA-40C3-BD38-6D7FD225F669}.Release|Any CPU.ActiveCfg = Release|Any CPU
		{4B162FD7-6CDA-40C3-BD38-6D7FD225F669}.Release|Any CPU.Build.0 = Release|Any CPU
		{4B162FD7-6CDA-40C3-BD38-6D7FD225F669}.Release|ARM.ActiveCfg = Release|Any CPU
		{4B162FD7-6CDA-40C3-BD38-6D7FD225F669}.Release|ARM.Build.0 = Release|Any CPU
		{4B162FD7-6CDA-40C3-BD38-6D7FD225F669}.Release|x64.ActiveCfg = Release|Any CPU
		{4B162FD7-6CDA-40C3-BD38-6D7FD225F669}.Release|x64.Build.0 = Release|Any CPU
		{4B162FD7-6CDA-40C3-BD38-6D7FD225F669}.Release|x86.ActiveCfg = Release|Any CPU
		{4B162FD7-6CDA-40C3-BD38-6D7FD225F669}.Release|x86.Build.0 = Release|Any CPU
		{ECC5D269-B051-41A7-902A-8134F27A66C8}.Debug|Any CPU.ActiveCfg = Debug|Any CPU
		{ECC5D269-B051-41A7-902A-8134F27A66C8}.Debug|Any CPU.Build.0 = Debug|Any CPU
		{ECC5D269-B051-41A7-902A-8134F27A66C8}.Debug|ARM.ActiveCfg = Debug|ARM
		{ECC5D269-B051-41A7-902A-8134F27A66C8}.Debug|ARM.Build.0 = Debug|ARM
		{ECC5D269-B051-41A7-902A-8134F27A66C8}.Debug|x64.ActiveCfg = Debug|x64
		{ECC5D269-B051-41A7-902A-8134F27A66C8}.Debug|x64.Build.0 = Debug|x64
		{ECC5D269-B051-41A7-902A-8134F27A66C8}.Debug|x86.ActiveCfg = Debug|x86
		{ECC5D269-B051-41A7-902A-8134F27A66C8}.Debug|x86.Build.0 = Debug|x86
		{ECC5D269-B051-41A7-902A-8134F27A66C8}.DebugWithFullTests|Any CPU.ActiveCfg = Debug|Any CPU
		{ECC5D269-B051-41A7-902A-8134F27A66C8}.DebugWithFullTests|Any CPU.Build.0 = Debug|Any CPU
		{ECC5D269-B051-41A7-902A-8134F27A66C8}.DebugWithFullTests|ARM.ActiveCfg = Debug|ARM
		{ECC5D269-B051-41A7-902A-8134F27A66C8}.DebugWithFullTests|ARM.Build.0 = Debug|ARM
		{ECC5D269-B051-41A7-902A-8134F27A66C8}.DebugWithFullTests|x64.ActiveCfg = Debug|x64
		{ECC5D269-B051-41A7-902A-8134F27A66C8}.DebugWithFullTests|x64.Build.0 = Debug|x64
		{ECC5D269-B051-41A7-902A-8134F27A66C8}.DebugWithFullTests|x86.ActiveCfg = Debug|x86
		{ECC5D269-B051-41A7-902A-8134F27A66C8}.DebugWithFullTests|x86.Build.0 = Debug|x86
		{ECC5D269-B051-41A7-902A-8134F27A66C8}.Release|Any CPU.ActiveCfg = Release|Any CPU
		{ECC5D269-B051-41A7-902A-8134F27A66C8}.Release|Any CPU.Build.0 = Release|Any CPU
		{ECC5D269-B051-41A7-902A-8134F27A66C8}.Release|ARM.ActiveCfg = Release|ARM
		{ECC5D269-B051-41A7-902A-8134F27A66C8}.Release|ARM.Build.0 = Release|ARM
		{ECC5D269-B051-41A7-902A-8134F27A66C8}.Release|x64.ActiveCfg = Release|x64
		{ECC5D269-B051-41A7-902A-8134F27A66C8}.Release|x64.Build.0 = Release|x64
		{ECC5D269-B051-41A7-902A-8134F27A66C8}.Release|x86.ActiveCfg = Release|x86
		{ECC5D269-B051-41A7-902A-8134F27A66C8}.Release|x86.Build.0 = Release|x86
		{4577C9E3-CB74-4D5D-82C1-F2715BB76002}.Debug|Any CPU.ActiveCfg = Debug|Any CPU
		{4577C9E3-CB74-4D5D-82C1-F2715BB76002}.Debug|Any CPU.Build.0 = Debug|Any CPU
		{4577C9E3-CB74-4D5D-82C1-F2715BB76002}.Debug|ARM.ActiveCfg = Debug|Any CPU
		{4577C9E3-CB74-4D5D-82C1-F2715BB76002}.Debug|ARM.Build.0 = Debug|Any CPU
		{4577C9E3-CB74-4D5D-82C1-F2715BB76002}.Debug|x64.ActiveCfg = Debug|Any CPU
		{4577C9E3-CB74-4D5D-82C1-F2715BB76002}.Debug|x64.Build.0 = Debug|Any CPU
		{4577C9E3-CB74-4D5D-82C1-F2715BB76002}.Debug|x86.ActiveCfg = Debug|Any CPU
		{4577C9E3-CB74-4D5D-82C1-F2715BB76002}.Debug|x86.Build.0 = Debug|Any CPU
		{4577C9E3-CB74-4D5D-82C1-F2715BB76002}.DebugWithFullTests|Any CPU.ActiveCfg = Debug|Any CPU
		{4577C9E3-CB74-4D5D-82C1-F2715BB76002}.DebugWithFullTests|Any CPU.Build.0 = Debug|Any CPU
		{4577C9E3-CB74-4D5D-82C1-F2715BB76002}.DebugWithFullTests|ARM.ActiveCfg = Debug|Any CPU
		{4577C9E3-CB74-4D5D-82C1-F2715BB76002}.DebugWithFullTests|ARM.Build.0 = Debug|Any CPU
		{4577C9E3-CB74-4D5D-82C1-F2715BB76002}.DebugWithFullTests|x64.ActiveCfg = Debug|Any CPU
		{4577C9E3-CB74-4D5D-82C1-F2715BB76002}.DebugWithFullTests|x64.Build.0 = Debug|Any CPU
		{4577C9E3-CB74-4D5D-82C1-F2715BB76002}.DebugWithFullTests|x86.ActiveCfg = Debug|Any CPU
		{4577C9E3-CB74-4D5D-82C1-F2715BB76002}.DebugWithFullTests|x86.Build.0 = Debug|Any CPU
		{4577C9E3-CB74-4D5D-82C1-F2715BB76002}.Release|Any CPU.ActiveCfg = Release|Any CPU
		{4577C9E3-CB74-4D5D-82C1-F2715BB76002}.Release|Any CPU.Build.0 = Release|Any CPU
		{4577C9E3-CB74-4D5D-82C1-F2715BB76002}.Release|ARM.ActiveCfg = Release|Any CPU
		{4577C9E3-CB74-4D5D-82C1-F2715BB76002}.Release|ARM.Build.0 = Release|Any CPU
		{4577C9E3-CB74-4D5D-82C1-F2715BB76002}.Release|x64.ActiveCfg = Release|Any CPU
		{4577C9E3-CB74-4D5D-82C1-F2715BB76002}.Release|x64.Build.0 = Release|Any CPU
		{4577C9E3-CB74-4D5D-82C1-F2715BB76002}.Release|x86.ActiveCfg = Release|Any CPU
		{4577C9E3-CB74-4D5D-82C1-F2715BB76002}.Release|x86.Build.0 = Release|Any CPU
	EndGlobalSection
	GlobalSection(SolutionProperties) = preSolution
		HideSolutionNode = FALSE
	EndGlobalSection
	GlobalSection(ExtensibilityGlobals) = postSolution
		SolutionGuid = {50456963-96D8-4E3E-A18C-DCA5EEE41F6F}
	EndGlobalSection
EndGlobal
